
Microsoft Visual Studio Solution File, Format Version 12.00
# Visual Studio Version 17
VisualStudioVersion = 17.2.32505.173
MinimumVisualStudioVersion = 10.0.40219.1
Project("{8BC9CEB8-8B4A-11D0-8D11-00A0C91BC942}") = "MiniFirePort", "MiniFirePort\MiniFirePort.vcxproj", "{0C75577F-E9F6-446C-BF6C-18210246ECA5}"
	ProjectSection(ProjectDependencies) = postProject
		{81CE8DAF-EBB2-4761-8E45-B71ABCCA8C68} = {81CE8DAF-EBB2-4761-8E45-B71ABCCA8C68}
		{B86F9380-6228-4B11-87AD-29FDABF95ABB} = {B86F9380-6228-4B11-87AD-29FDABF95ABB}
		{D2B9FFF3-9414-4EEF-BF5E-E0B031968808} = {D2B9FFF3-9414-4EEF-BF5E-E0B031968808}
		{DA956FD3-E142-46F2-9DD5-C78BEBB56B7A} = {DA956FD3-E142-46F2-9DD5-C78BEBB56B7A}
	EndProjectSection
EndProject
Project("{8BC9CEB8-8B4A-11D0-8D11-00A0C91BC942}") = "glew", "External\glew\glew.vcxproj", "{D2B9FFF3-9414-4EEF-BF5E-E0B031968808}"
EndProject
Project("{8BC9CEB8-8B4A-11D0-8D11-00A0C91BC942}") = "SDL2", "vsprojects\SDL\SDL.vcxproj", "{81CE8DAF-EBB2-4761-8E45-B71ABCCA8C68}"
EndProject
Project("{8BC9CEB8-8B4A-11D0-8D11-00A0C91BC942}") = "SDL2main", "vsprojects\SDLmain\SDLmain.vcxproj", "{DA956FD3-E142-46F2-9DD5-C78BEBB56B7A}"
	ProjectSection(ProjectDependencies) = postProject
		{81CE8DAF-EBB2-4761-8E45-B71ABCCA8C68} = {81CE8DAF-EBB2-4761-8E45-B71ABCCA8C68}
	EndProjectSection
EndProject
Project("{8BC9CEB8-8B4A-11D0-8D11-00A0C91BC942}") = "imgui-core", "vsprojects\imgui-core\imgui-core.vcxproj", "{B86F9380-6228-4B11-87AD-29FDABF95ABB}"
EndProject
Global
	GlobalSection(SolutionConfigurationPlatforms) = preSolution
		Debug|Win32 = Debug|Win32
		Debug|x64 = Debug|x64
		Release|Win32 = Release|Win32
		Release|x64 = Release|x64
	EndGlobalSection
	GlobalSection(ProjectConfigurationPlatforms) = postSolution
		{0C75577F-E9F6-446C-BF6C-18210246ECA5}.Debug|Win32.ActiveCfg = Debug|Win32
		{0C75577F-E9F6-446C-BF6C-18210246ECA5}.Debug|Win32.Build.0 = Debug|Win32
		{0C75577F-E9F6-446C-BF6C-18210246ECA5}.Debug|x64.ActiveCfg = Debug|x64
		{0C75577F-E9F6-446C-BF6C-18210246ECA5}.Debug|x64.Build.0 = Debug|x64
		{0C75577F-E9F6-446C-BF6C-18210246ECA5}.Release|Win32.ActiveCfg = Release|Win32
		{0C75577F-E9F6-446C-BF6C-18210246ECA5}.Release|Win32.Build.0 = Release|Win32
		{0C75577F-E9F6-446C-BF6C-18210246ECA5}.Release|x64.ActiveCfg = Release|x64
		{0C75577F-E9F6-446C-BF6C-18210246ECA5}.Release|x64.Build.0 = Release|x64
		{D2B9FFF3-9414-4EEF-BF5E-E0B031968808}.Debug|Win32.ActiveCfg = Debug|Win32
		{D2B9FFF3-9414-4EEF-BF5E-E0B031968808}.Debug|Win32.Build.0 = Debug|Win32
		{D2B9FFF3-9414-4EEF-BF5E-E0B031968808}.Debug|x64.ActiveCfg = Debug|x64
		{D2B9FFF3-9414-4EEF-BF5E-E0B031968808}.Debug|x64.Build.0 = Debug|x64
		{D2B9FFF3-9414-4EEF-BF5E-E0B031968808}.Release|Win32.ActiveCfg = Release|Win32
		{D2B9FFF3-9414-4EEF-BF5E-E0B031968808}.Release|Win32.Build.0 = Release|Win32
		{D2B9FFF3-9414-4EEF-BF5E-E0B031968808}.Release|x64.ActiveCfg = Release|x64
		{D2B9FFF3-9414-4EEF-BF5E-E0B031968808}.Release|x64.Build.0 = Release|x64
		{81CE8DAF-EBB2-4761-8E45-B71ABCCA8C68}.Debug|Win32.ActiveCfg = Debug|Win32
		{81CE8DAF-EBB2-4761-8E45-B71ABCCA8C68}.Debug|Win32.Build.0 = Debug|Win32
		{81CE8DAF-EBB2-4761-8E45-B71ABCCA8C68}.Debug|x64.ActiveCfg = Debug|x64
		{81CE8DAF-EBB2-4761-8E45-B71ABCCA8C68}.Debug|x64.Build.0 = Debug|x64
		{81CE8DAF-EBB2-4761-8E45-B71ABCCA8C68}.Release|Win32.ActiveCfg = Release|Win32
		{81CE8DAF-EBB2-4761-8E45-B71ABCCA8C68}.Release|Win32.Build.0 = Release|Win32
		{81CE8DAF-EBB2-4761-8E45-B71ABCCA8C68}.Release|x64.ActiveCfg = Release|x64
		{81CE8DAF-EBB2-4761-8E45-B71ABCCA8C68}.Release|x64.Build.0 = Release|x64
		{DA956FD3-E142-46F2-9DD5-C78BEBB56B7A}.Debug|Win32.ActiveCfg = Debug|Win32
		{DA956FD3-E142-46F2-9DD5-C78BEBB56B7A}.Debug|Win32.Build.0 = Debug|Win32
		{DA956FD3-E142-46F2-9DD5-C78BEBB56B7A}.Debug|x64.ActiveCfg = Debug|x64
		{DA956FD3-E142-46F2-9DD5-C78BEBB56B7A}.Debug|x64.Build.0 = Debug|x64
		{DA956FD3-E142-46F2-9DD5-C78BEBB56B7A}.Release|Win32.ActiveCfg = Release|Win32
		{DA956FD3-E142-46F2-9DD5-C78BEBB56B7A}.Release|Win32.Build.0 = Release|Win32
		{DA956FD3-E142-46F2-9DD5-C78BEBB56B7A}.Release|x64.ActiveCfg = Release|x64
		{DA956FD3-E142-46F2-9DD5-C78BEBB56B7A}.Release|x64.Build.0 = Release|x64
		{B86F9380-6228-4B11-87AD-29FDABF95ABB}.Debug|Win32.ActiveCfg = Debug|Win32
		{B86F9380-6228-4B11-87AD-29FDABF95ABB}.Debug|Win32.Build.0 = Debug|Win32
		{B86F9380-6228-4B11-87AD-29FDABF95ABB}.Debug|x64.ActiveCfg = Debug|x64
		{B86F9380-6228-4B11-87AD-29FDABF95ABB}.Debug|x64.Build.0 = Debug|x64
		{B86F9380-6228-4B11-87AD-29FDABF95ABB}.Release|Win32.ActiveCfg = Release|Win32
		{B86F9380-6228-4B11-87AD-29FDABF95ABB}.Release|Win32.Build.0 = Release|Win32
		{B86F9380-6228-4B11-87AD-29FDABF95ABB}.Release|x64.ActiveCfg = Release|x64
		{B86F9380-6228-4B11-87AD-29FDABF95ABB}.Release|x64.Build.0 = Release|x64
	EndGlobalSection
	GlobalSection(SolutionProperties) = preSolution
		HideSolutionNode = FALSE
	EndGlobalSection
	GlobalSection(ExtensibilityGlobals) = postSolution
		SolutionGuid = {0EDFC4BE-0A2D-4945-BE38-01B1D5E47F4C}
	EndGlobalSection
EndGlobal
